
Microsoft Visual Studio Solution File, Format Version 11.00
# Visual Studio 2010
Project("{FAE04EC0-301F-11D3-BF4B-00C04F79EFBC}") = "banana_2_OH_broken", "Assembly-CSharp-firstpass.csproj", "{16F7A1A5-CFB5-6483-F723-962F8A5E124F}"
EndProject
Project("{FAE04EC0-301F-11D3-BF4B-00C04F79EFBC}") = "banana_2_OH_broken", "Assembly-CSharp.csproj", "{5BBBC4C3-A3FC-6912-1394-79089FA34DB3}"
EndProject
Project("{FAE04EC0-301F-11D3-BF4B-00C04F79EFBC}") = "banana_2_OH_broken", "Assembly-CSharp-Editor.csproj", "{8F0B859A-4D4D-BB33-A001-44B013B4537F}"
EndProject
Global
	GlobalSection(SolutionConfigurationPlatforms) = preSolution
		Debug|Any CPU = Debug|Any CPU
		Release|Any CPU = Release|Any CPU
	EndGlobalSection
	GlobalSection(ProjectConfigurationPlatforms) = postSolution
		{16F7A1A5-CFB5-6483-F723-962F8A5E124F}.Debug|Any CPU.ActiveCfg = Debug|Any CPU
		{16F7A1A5-CFB5-6483-F723-962F8A5E124F}.Debug|Any CPU.Build.0 = Debug|Any CPU
		{16F7A1A5-CFB5-6483-F723-962F8A5E124F}.Release|Any CPU.ActiveCfg = Release|Any CPU
		{16F7A1A5-CFB5-6483-F723-962F8A5E124F}.Release|Any CPU.Build.0 = Release|Any CPU
		{5BBBC4C3-A3FC-6912-1394-79089FA34DB3}.Debug|Any CPU.ActiveCfg = Debug|Any CPU
		{5BBBC4C3-A3FC-6912-1394-79089FA34DB3}.Debug|Any CPU.Build.0 = Debug|Any CPU
		{5BBBC4C3-A3FC-6912-1394-79089FA34DB3}.Release|Any CPU.ActiveCfg = Release|Any CPU
		{5BBBC4C3-A3FC-6912-1394-79089FA34DB3}.Release|Any CPU.Build.0 = Release|Any CPU
		{8F0B859A-4D4D-BB33-A001-44B013B4537F}.Debug|Any CPU.ActiveCfg = Debug|Any CPU
		{8F0B859A-4D4D-BB33-A001-44B013B4537F}.Debug|Any CPU.Build.0 = Debug|Any CPU
		{8F0B859A-4D4D-BB33-A001-44B013B4537F}.Release|Any CPU.ActiveCfg = Release|Any CPU
		{8F0B859A-4D4D-BB33-A001-44B013B4537F}.Release|Any CPU.Build.0 = Release|Any CPU
	EndGlobalSection
	GlobalSection(SolutionProperties) = preSolution
		HideSolutionNode = FALSE
	EndGlobalSection
	GlobalSection(MonoDevelopProperties) = preSolution
		StartupItem = Assembly-CSharp.csproj
	EndGlobalSection
EndGlobal
