
Microsoft Visual Studio Solution File, Format Version 11.00
# Visual Studio 2010
Project("{FAE04EC0-301F-11D3-BF4B-00C04F79EFBC}") = "banana_1", "Assembly-CSharp-firstpass.csproj", "{EE6C4788-053E-C661-5076-667A56AA0378}"
EndProject
Project("{FAE04EC0-301F-11D3-BF4B-00C04F79EFBC}") = "banana_1", "Assembly-CSharp.csproj", "{A9BC1497-9A43-E3FD-9461-016B5ACFE127}"
EndProject
Project("{FAE04EC0-301F-11D3-BF4B-00C04F79EFBC}") = "banana_1", "Assembly-CSharp-Editor.csproj", "{1BAE7B69-46FF-2243-AF47-873D35C1AFF5}"
EndProject
Global
	GlobalSection(SolutionConfigurationPlatforms) = preSolution
		Debug|Any CPU = Debug|Any CPU
		Release|Any CPU = Release|Any CPU
	EndGlobalSection
	GlobalSection(ProjectConfigurationPlatforms) = postSolution
		{EE6C4788-053E-C661-5076-667A56AA0378}.Debug|Any CPU.ActiveCfg = Debug|Any CPU
		{EE6C4788-053E-C661-5076-667A56AA0378}.Debug|Any CPU.Build.0 = Debug|Any CPU
		{EE6C4788-053E-C661-5076-667A56AA0378}.Release|Any CPU.ActiveCfg = Release|Any CPU
		{EE6C4788-053E-C661-5076-667A56AA0378}.Release|Any CPU.Build.0 = Release|Any CPU
		{A9BC1497-9A43-E3FD-9461-016B5ACFE127}.Debug|Any CPU.ActiveCfg = Debug|Any CPU
		{A9BC1497-9A43-E3FD-9461-016B5ACFE127}.Debug|Any CPU.Build.0 = Debug|Any CPU
		{A9BC1497-9A43-E3FD-9461-016B5ACFE127}.Release|Any CPU.ActiveCfg = Release|Any CPU
		{A9BC1497-9A43-E3FD-9461-016B5ACFE127}.Release|Any CPU.Build.0 = Release|Any CPU
		{1BAE7B69-46FF-2243-AF47-873D35C1AFF5}.Debug|Any CPU.ActiveCfg = Debug|Any CPU
		{1BAE7B69-46FF-2243-AF47-873D35C1AFF5}.Debug|Any CPU.Build.0 = Debug|Any CPU
		{1BAE7B69-46FF-2243-AF47-873D35C1AFF5}.Release|Any CPU.ActiveCfg = Release|Any CPU
		{1BAE7B69-46FF-2243-AF47-873D35C1AFF5}.Release|Any CPU.Build.0 = Release|Any CPU
	EndGlobalSection
	GlobalSection(SolutionProperties) = preSolution
		HideSolutionNode = FALSE
	EndGlobalSection
	GlobalSection(MonoDevelopProperties) = preSolution
		StartupItem = Assembly-CSharp.csproj
	EndGlobalSection
EndGlobal
